
Microsoft Visual Studio Solution File, Format Version 12.00
Project("{FAE04EC0-301F-11D3-BF4B-00C04F79EFBC}") = "FlutterAppSettings", "FlutterAppSettings\FlutterAppSettings.csproj", "{E3EBFC01-BA14-41CB-B688-5733D47E0B7F}"
EndProject
Project("{FAE04EC0-301F-11D3-BF4B-00C04F79EFBC}") = "FlutterAppSettings.Tests", "Tests\FlutterAppSettings.Tests\FlutterAppSettings.Tests.csproj", "{B4359A16-8215-41DE-ADDF-5EBCB778EAED}"
EndProject
Global
	GlobalSection(SolutionConfigurationPlatforms) = preSolution
		Debug|Any CPU = Debug|Any CPU
		Release|Any CPU = Release|Any CPU
	EndGlobalSection
	GlobalSection(ProjectConfigurationPlatforms) = postSolution
		{E3EBFC01-BA14-41CB-B688-5733D47E0B7F}.Debug|Any CPU.ActiveCfg = Debug|Any CPU
		{E3EBFC01-BA14-41CB-B688-5733D47E0B7F}.Debug|Any CPU.Build.0 = Debug|Any CPU
		{E3EBFC01-BA14-41CB-B688-5733D47E0B7F}.Release|Any CPU.ActiveCfg = Release|Any CPU
		{E3EBFC01-BA14-41CB-B688-5733D47E0B7F}.Release|Any CPU.Build.0 = Release|Any CPU
		{B4359A16-8215-41DE-ADDF-5EBCB778EAED}.Debug|Any CPU.ActiveCfg = Debug|Any CPU
		{B4359A16-8215-41DE-ADDF-5EBCB778EAED}.Debug|Any CPU.Build.0 = Debug|Any CPU
		{B4359A16-8215-41DE-ADDF-5EBCB778EAED}.Release|Any CPU.ActiveCfg = Release|Any CPU
		{B4359A16-8215-41DE-ADDF-5EBCB778EAED}.Release|Any CPU.Build.0 = Release|Any CPU
	EndGlobalSection
EndGlobal
